
Microsoft Visual Studio Solution File, Format Version 12.00
# Visual Studio Version 16
VisualStudioVersion = 16.0.30907.101
MinimumVisualStudioVersion = 10.0.40219.1
Project("{FAE04EC0-301F-11D3-BF4B-00C04F79EFBC}") = "OI.Sample.API", "OI.Sample.API\OI.Sample.API.csproj", "{179C8FBF-BA7C-4FBF-9075-B089AEC2209B}"
EndProject
Global
	GlobalSection(SolutionConfigurationPlatforms) = preSolution
		Debug|Any CPU = Debug|Any CPU
		Release|Any CPU = Release|Any CPU
	EndGlobalSection
	GlobalSection(ProjectConfigurationPlatforms) = postSolution
		{179C8FBF-BA7C-4FBF-9075-B089AEC2209B}.Debug|Any CPU.ActiveCfg = Debug|Any CPU
		{179C8FBF-BA7C-4FBF-9075-B089AEC2209B}.Debug|Any CPU.Build.0 = Debug|Any CPU
		{179C8FBF-BA7C-4FBF-9075-B089AEC2209B}.Release|Any CPU.ActiveCfg = Release|Any CPU
		{179C8FBF-BA7C-4FBF-9075-B089AEC2209B}.Release|Any CPU.Build.0 = Release|Any CPU
	EndGlobalSection
	GlobalSection(SolutionProperties) = preSolution
		HideSolutionNode = FALSE
	EndGlobalSection
	GlobalSection(ExtensibilityGlobals) = postSolution
		SolutionGuid = {CF210771-D5C9-4F3C-93F1-510B1E7A5BD4}
	EndGlobalSection
EndGlobal
